
Microsoft Visual Studio Solution File, Format Version 12.00
# Visual Studio 15
VisualStudioVersion = 15.0.28010.2050
MinimumVisualStudioVersion = 10.0.40219.1
Project("{FAE04EC0-301F-11D3-BF4B-00C04F79EFBC}") = "TheHeroFactory", "TheHeroFactory\TheHeroFactory.csproj", "{5BA894A4-EED9-4FA8-ADFD-928016598DC4}"
EndProject
Global
	GlobalSection(SolutionConfigurationPlatforms) = preSolution
		Debug|Any CPU = Debug|Any CPU
		Release|Any CPU = Release|Any CPU
	EndGlobalSection
	GlobalSection(ProjectConfigurationPlatforms) = postSolution
		{5BA894A4-EED9-4FA8-ADFD-928016598DC4}.Debug|Any CPU.ActiveCfg = Debug|Any CPU
		{5BA894A4-EED9-4FA8-ADFD-928016598DC4}.Debug|Any CPU.Build.0 = Debug|Any CPU
		{5BA894A4-EED9-4FA8-ADFD-928016598DC4}.Release|Any CPU.ActiveCfg = Release|Any CPU
		{5BA894A4-EED9-4FA8-ADFD-928016598DC4}.Release|Any CPU.Build.0 = Release|Any CPU
	EndGlobalSection
	GlobalSection(SolutionProperties) = preSolution
		HideSolutionNode = FALSE
	EndGlobalSection
	GlobalSection(ExtensibilityGlobals) = postSolution
		SolutionGuid = {AB37B880-20B6-48DF-9D47-A1E398D5CF3F}
	EndGlobalSection
EndGlobal
